PODS:
  - BMCustomTableView (0.1.0)
  - RandomColorSwift (0.1.0)

DEPENDENCIES:
  - BMCustomTableView (from `../`)
  - RandomColorSwift

EXTERNAL SOURCES:
  BMCustomTableView:
    :path: "../"

SPEC CHECKSUMS:
  BMCustomTableView: 2fdf56b46cf367729b644c0451c8d2245d17c5a5
  RandomColorSwift: b2e95d6d3670def6d2f907ec7b7041138b268ac9

COCOAPODS: 0.38.2
